{
  "name": "TeamJerseySorter",
  "version": "0.0.0",
  "lockfileVersion": 3,
  "requires": true,
  "packages": {
    "": {
      "name": "TeamJerseySorter",
      "version": "0.0.0",
      "dependencies": {
        "html-to-image": "^1.11.11",
        "react": "^18.2.0",
        "react-dom": "^18.2.0"
      },
      "devDependencies": {
        "@types/react": "^18.2.66",
        "@types/react-dom": "^18.2.22",
        "@vitejs/plugin-react": "^4.2.1",
        "typescript": "^5.2.2",
        "vite": "^5.2.0",
        "vite-plugin-pwa": "^0.20.0"
      }
    },
    "node_modules/@babel/runtime": {
      "version": "7.24.7",
      "resolved": "https://registry.npmjs.org/@babel/runtime/-/runtime-7.24.7.tgz",
      "integrity": "sha512-U21eOVIaMhExSSZ+xgusB+2yB4iG2k0tso/e9hMh5y2vK6tAP3NJz2qxnOA30Hi9TzcjvHXlqPlq3g3sAGaxtg==",
      "dev": true,
      "dependencies": {
        "regenerator-runtime": "^0.14.0"
      },
      "engines": {
        "node": ">=6.9.0"
      }
    },
    "node_modules/@types/node": {
      "version": "20.14.9",
      "resolved": "https://registry.npmjs.org/@types/node/-/node-20.14.9.tgz",
      "integrity": "sha512-06OCtnRE3aZdU6bAtw/tDrr1d0QmonSjSPQk2kLSsWnszBwH8Hb6dJ2ceegmGzBRnQk2bJLSzMbn8/bYIlx2dQ==",
      "dev": true,
      "dependencies": {
        "undici-types": "~5.26.4"
      }
    },
    "node_modules/@types/prop-types": {
      "version": "15.7.12",
      "resolved": "https://registry.npmjs.org/@types/prop-types/-/prop-types-15.7.12.tgz",
      "integrity": "sha512-5zvhXYS3icfXQSFE3txMnyVhfkb+VLAiSVNBTA1/o6X2M-fA9nTSAqMJWYFFoEp7pZENsOKsrgXJ/Gue+tVG4g==",
      "dev": true
    },
    "node_modules/@types/react": {
      "version": "18.3.3",
      "resolved": "https://registry.npmjs.org/@types/react/-/react-18.3.3.tgz",
      "integrity": "sha512-hti/R0pS0q1/xx+TsI73S6SqvbewHk2TxgPaLWYov2sRTMecTTRFBBU4we+hY2IEDEvofCRsSg9o2s42Xq/j8g==",
      "dev": true,
      "dependencies": {
        "@types/prop-types": "*",
        "csstype": "^3.0.2"
      }
    },
    "node_modules/@types/react-dom": {
      "version": "18.3.0",
      "resolved": "https://registry.npmjs.org/@types/react-dom/-/react-dom-18.3.0.tgz",
      "integrity": "sha512-EhwApuTmMBmP2bwEjClsLOD6T+edI6fSjifxG3sRaPsd21PB4I2iC5pGMLbKAo4e02XM2yBVLgWJ5VMBp5x1sA==",
      "dev": true,
      "dependencies": {
        "@types/react": "*"
      }
    },
    "node_modules/@vitejs/plugin-react": {
      "version": "4.3.1",
      "resolved": "https://registry.npmjs.org/@vitejs/plugin-react/-/plugin-react-4.3.1.tgz",
      "integrity": "sha512-yJpxr3AFLdG9w3NwLfi3o9l/f1w2o5gSFx+IZ4oJz2s2Ua+LMue7xBOp0Pz9HtR6iI9GvV7k8Gj0S7Wz8+Qfsw==",
      "dev": true,
      "dependencies": {
        "@babel/runtime": "^7.24.0"
      },
      "engines": {
        "node": "^18.0.0 || >=20.0.0"
      },
      "peerDependencies": {
        "vite": "^3.0.0 || ^4.0.0 || ^5.0.0"
      }
    },
    "node_modules/csstype": {
      "version": "3.1.3",
      "resolved": "https://registry.npmjs.org/csstype/-/csstype-3.1.3.tgz",
      "integrity": "sha512-M1uQkMl8rQK/szD0LNhtcwDiXOnkzsdpLIWCjSjFotA5atá5dsrMc5eZmowDxyAx0L7SATss+beGCiu5REkIw==",
      "dev": true
    },
    "node_modules/esbuild": {
      "version": "0.21.5",
      "resolved": "https://registry.npmjs.org/esbuild/-/esbuild-0.21.5.tgz",
      "integrity": "sha512-P3LOD/rNf/O+hnS/eE0gYgJjN/1FyrDuU5+q8G4i5PZgQhOFs29xIuE7F0VnFqQhTjS7j/K0/5t/MvGrf1wTg==",
      "dev": true,
      "hasInstallScript": true,
      "bin": {
        "esbuild": "bin/esbuild"
      },
      "engines": {
        "node": ">=12"
      },
      "optionalDependencies": {
        "@esbuild/android-arm": "0.21.5",
        "@esbuild/android-arm64": "0.21.5",
        "@esbuild/android-x64": "0.21.5",
        "@esbuild/darwin-arm64": "0.21.5",
        "@esbuild/darwin-x64": "0.21.5",
        "@esbuild/freebsd-arm64": "0.21.5",
        "@esbuild/freebsd-x64": "0.21.5",
        "@esbuild/linux-arm": "0.21.5",
        "@esbuild/linux-arm64": "0.21.5",
        "@esbuild/linux-ia32": "0.21.5",
        "@esbuild/linux-loong64": "0.21.5",
        "@esbuild/linux-mips64el": "0.21.5",
        "@esbuild/linux-ppc64": "0.21.5",
        "@esbuild/linux-riscv64": "0.21.5",
        "@esbuild/linux-s390x": "0.21.5",
        "@esbuild/linux-x64": "0.21.5",
        "@esbuild/netbsd-x64": "0.21.5",
        "@esbuild/openbsd-x64": "0.21.5",
        "@esbuild/sunos-x64": "0.21.5",
        "@esbuild/win32-arm64": "0.21.5",
        "@esbuild/win32-ia32": "0.21.5",
        "@esbuild/win32-x64": "0.21.5"
      }
    },
    "node_modules/fsevents": {
      "version": "2.3.3",
      "resolved": "https://registry.npmjs.org/fsevents/-/fsevents-2.3.3.tgz",
      "integrity": "sha512-5c4cbW3GeVja9MDsPmmvdBjLXIOMCd9iPqz72h/n0ekt9m1AeM6W7I890wgH0vO5RQTGqz11HiSg93hFkfvI9A==",
      "dev": true,
      "hasInstallScript": true,
      "optional": true,
      "os": [
        "darwin"
      ],
      "engines": {
        "node": "^8.16.0 || ^10.6.0 || >=11.0.0"
      }
    },
    "node_modules/html-to-image": {
      "version": "1.11.11",
      "resolved": "https://registry.npmjs.org/html-to-image/-/html-to-image-1.11.11.tgz",
      "integrity": "sha512-Y1o2nVEd0ga2w0bH/sw9j3ef5fD/51mm1P/B+oQZ3+z3nFpHhT1qHU2W/5K6bYb4eYJ3XzYx60A9Nvb3F4Y2Yg=="
    },
    "node_modules/js-tokens": {
      "version": "4.0.0",
      "resolved": "https://registry.npmjs.org/js-tokens/-/js-tokens-4.0.0.tgz",
      "integrity": "sha512-RdJUflcE3cUzKiMqQgsCu06FPu9UdIJO0beYbPhHN4k6apgJtifcoCtT9bcxOpYBtpD2kCM6Sbzg4CausW/PKQ=="
    },
    "node_modules/loose-envify": {
      "version": "1.4.0",
      "resolved": "https://registry.npmjs.org/loose-envify/-/loose-envify-1.4.0.tgz",
      "integrity": "sha512-lyuxPGr/Wfhrlem2CL/UcnUc1zcqKAImBDzukY7Y5F/yQiNdko6+fRLevlw1HgMySw7f611UIY408EtxRSoK3Q==",
      "dependencies": {
        "js-tokens": "^3.0.0 || ^4.0.0"
      },
      "bin": {
        "loose-envify": "cli.js"
      }
    },
    "node_modules/nanoid": {
      "version": "3.3.7",
      "resolved": "https://registry.npmjs.org/nanoid/-/nanoid-3.3.7.tgz",
      "integrity": "sha512-eSRppjcPIat8EXwGEJRYXBcdOU0sc2iI9g/Pz8aGrh2k1f4zme4tNAi5290e2fSRnSAk2aXA/Gjnwjw4x2c2tg==",
      "dev": true,
      "bin": {
        "nanoid": "bin/nanoid.js"
      },
      "engines": {
        "node": "^10 || ^12 || ^13.7 || ^14 || >=15.0.1"
      }
    },
    "node_modules/picocolors": {
      "version": "1.0.1",
      "resolved": "https://registry.npmjs.org/picocolors/-/picocolors-1.0.1.tgz",
      "integrity": "sha512-anodP0ivADub0I3zEfa1fskBO9kS3WoG4TKYsNlqkryQwBrw77N2wktPmc23i2QTGUEhR7d2ivGGFV3L4K99Nw==",
      "dev": true
    },
    "node_modules/postcss": {
      "version": "8.4.38",
      "resolved": "https://registry.npmjs.org/postcss/-/postcss-8.4.38.tgz",
      "integrity": "sha512-addJnrjTEcVTxn6ZstEwgFlRYSA3UV227LII3e2/j4da4MgQmsbT4p3ZzEa/O5jPa3i2p+sFm1I6z/xM/ZzY0g==",
      "dev": true,
      "dependencies": {
        "nanoid": "^3.3.7",
        "picocolors": "^1.0.0",
        "source-map-js": "^1.2.0"
      },
      "engines": {
        "node": "^12.0 || ^14.0 || >=16.0"
      },
      "funding": {
        "type": "opencollective",
        "url": "https://opencollective.com/postcss/"
      }
    },
    "node_modules/react": {
      "version": "18.2.0",
      "resolved": "https://registry.npmjs.org/react/-/react-18.2.0.tgz",
      "integrity": "sha512-/3IjMdbBCA51B/zYce54weglo9ZozELVLaALtpW4vvMiiev/xC8gUpqCSIS8sLA0kccS5bA4AD+3AxveIovQXA==",
      "dependencies": {
        "loose-envify": "^1.1.0"
      },
      "engines": {
        "node": ">=0.10.0"
      }
    },
    "node_modules/react-dom": {
      "version": "18.2.0",
      "resolved": "https://registry.npmjs.org/react-dom/-/react-dom-18.2.0.tgz",
      "integrity": "sha512-6IMTriUmvsjHUjNtEDudZfuDQUoWzZXh2rGGbh9i3EqQAXJ29Xza4z5Q3fJLBk0TOepz2v7g4pe+kCchb/r9Sw==",
      "dependencies": {
        "loose-envify": "^1.1.0",
        "scheduler": "^0.23.0"
      },
      "peerDependencies": {
        "react": "^18.2.0"
      }
    },
    "node_modules/regenerator-runtime": {
      "version": "0.14.1",
      "resolved": "https://registry.npmjs.org/regenerator-runtime/-/regenerator-runtime-0.14.1.tgz",
      "integrity": "sha512-dYnhHh0nJoMfnkZs6GmmhFknAGRrLznOu5nc9ML+EJxGvrx6H7teuevqVqCuPcPK//3eDrrjQhehXVx9cnkGdw==",
      "dev": true
    },
    "node_modules/rollup": {
      "version": "4.18.0",
      "resolved": "https://registry.npmjs.org/rollup/-/rollup-4.18.0.tgz",
      "integrity": "sha512-3zD8bElxTIs+d3d9xW41Jp2a7Yh72sP+8HyCsa+Rhj+0WbCPEbhrb74n+ms2cLyfGVTTrl3eRj+2y5f/1xR9iA==",
      "dev": true,
      "bin": {
        "rollup": "dist/bin/rollup"
      },
      "engines": {
        "node": ">=18.0.0",
        "npm": ">=8.0.0"
      },
      "optionalDependencies": {
        "fsevents": "~2.3.2"
      }
    },
    "node_modules/scheduler": {
      "version": "0.23.2",
      "resolved": "https://registry.npmjs.org/scheduler/-/scheduler-0.23.2.tgz",
      "integrity": "sha512-EaCxDggTCeyQgrbM0XjpA/5Q2cX9L3kU24H2r4xV2a+5MDTjGSoo2D24xpmhM2x22b40gnT4n8KKPlbYJ2Y3g==",
      "dependencies": {
        "loose-envify": "^1.1.0"
      }
    },
    "node_modules/source-map-js": {
      "version": "1.2.0",
      "resolved": "https://registry.npmjs.org/source-map-js/-/source-map-js-1.2.0.tgz",
      "integrity": "sha512-itJW8lvSA0imCmpWBwmSCCKDPl6c2v4cOFQBEJGvtCXxPExf/AUPE SIDx2Spn9Nffwz+H32x22G2c7pl+pDnPYw==",
      "dev": true,
      "engines": {
        "node": ">=0.10.0"
      }
    },
    "node_modules/typescript": {
      "version": "5.5.2",
      "resolved": "https://registry.npmjs.org/typescript/-/typescript-5.5.2.tgz",
      "integrity": "sha512-NcRtPEOsPFFWjobJEtgGqJJs9LBxtQwuLpNUj/i0S2AGwKLRiPfzCIoTjSpk3ktVw+vcgvy/TZRf0Q/ubJISXw==",
      "dev": true,
      "bin": {
        "tsc": "bin/tsc",
        "tsserver": "bin/tsserver"
      },
      "engines": {
        "node": ">=14.17"
      }
    },
    "node_modules/undici-types": {
      "version": "5.26.5",
      "resolved": "https://registry.npmjs.org/undici-types/-/undici-types-5.26.5.tgz",
      "integrity": "sha512-JlCMO+ehdEIKqlFxk6IfVoAUVmgz7cU7zD/h9XZ0qzeosSHmUJVOzSQvvYSYWXkFXC+IfLKSIffhv0sVZup6pA==",
      "dev": true
    },
    "node_modules/vite": {
      "version": "5.3.1",
      "resolved": "https://registry.npmjs.org/vite/-/vite-5.3.1.tgz",
      "integrity": "sha512-LALZfFyiYDBzlkXGgut4e82D4Ykea+P68x5GvjOk3DkM8wVpYFiDWGDbM5s23P43F2a2oMvYmECgG6QAg1YQzQ==",
      "dev": true,
      "dependencies": {
        "esbuild": "^0.21.4",
        "postcss": "^8.4.38",
        "rollup": "^4.18.0"
      },
      "bin": {
        "vite": "bin/vite.js"
      },
      "engines": {
        "node": "^18.0.0 || >=20.0.0"
      },
      "funding": {
        "url": "https://github.com/sponsors/yyx990803"
      },
      "optionalDependencies": {
        "fsevents": "~2.3.3"
      },
      "peerDependencies": {
        "@types/node": ">=18.0.0",
        "less": "*",
        "lightningcss": "^1.21.0",
        "sass": "*",
        "stylus": "*",
        "sugarss": "*",
        "terser": "^5.4.0"
      },
      "peerDependenciesMeta": {
        "@types/node": {
          "optional": true
        },
        "less": {
          "optional": true
        },
        "lightningcss": {
          "optional": true
        },
        "sass": {
          "optional": true
        },
        "stylus": {
          "optional": true
        },
        "sugarss": {
          "optional": true
        },
        "terser": {
          "optional": true
        }
      }
    },
    "node_modules/vite-plugin-pwa": {
      "version": "0.20.0",
      "resolved": "https://registry.npmjs.org/vite-plugin-pwa/-/vite-plugin-pwa-0.20.0.tgz",
      "integrity": "sha512-Y/BfPzK4F1I5F/SjWjxxLe1b0Q7GAbk/fKj1h3m/Z/8p/9n1TlLlY/jWAlM5uLgO47Xn6T6o/8u3kKkP6yFw2w==",
      "dev": true,
      "dependencies": {
        "@types/node": "^20.12.12",
        "workbox-build": "^7.1.0",
        "workbox-window": "^7.1.0"
      },
      "engines": {
        "node": "^18.0.0 || >=20.0.0"
      },
      "peerDependencies": {
        "typescript": ">=5.0.0",
        "vite": "^5.0.0"
      },
      "peerDependenciesMeta": {
        "typescript": {
          "optional": true
        }
      }
    },
    "node_modules/workbox-build": {
      "version": "7.1.0",
      "resolved": "https://registry.npmjs.org/workbox-build/-/workbox-build-7.1.0.tgz",
      "integrity": "sha512-Y3C5/D3s/J/s/z4i0CGA0EmS5xL5JvUqNO2aXk+0WkMThbna/T/KORQd8g/pYh+NIyQStP6ZECPmMKz20Yv5GQ==",
      "dev": true,
      "dependencies": {
        "@babel/core": "^7.24.0",
        "@babel/preset-env": "^7.24.0",
        "@babel/runtime": "^7.24.0",
        "@rollup/plugin-babel": "^6.0.4",
        "@rollup/plugin-node-resolve": "^15.2.3",
        "@rollup/plugin-replace": "^5.0.5",
        "common-tags": "^1.8.2",
        "fast-json-stable-stringify": "^2.1.0",
        "fs-extra": "^11.2.0",
        "glob": "^10.3.10",
        "pretty-bytes": "^5.6.0",
        "rollup": "^4.13.0",
        "rollup-plugin-terser": "^7.0.2",
        "strip-comments": "^2.0.1",
        "workbox-background-sync": "7.1.0",
        "workbox-broadcast-update": "7.1.0",
        "workbox-cacheable-response": "7.1.0",
        "workbox-core": "7.1.0",
        "workbox-expiration": "7.1.0",
        "workbox-google-analytics": "7.1.0",
        "workbox-navigation-preload": "7.1.0",
        "workbox-precaching": "7.1.0",
        "workbox-range-requests": "7.1.0",
        "workbox-recipes": "7.1.0",
        "workbox-routing": "7.1.0",
        "workbox-strategies": "7.1.0",
        "workbox-streams": "7.1.0",
        "workbox-sw": "7.1.0"
      },
      "bin": {
        "workbox": "bin/workbox.js"
      },
      "engines": {
        "node": ">=18.0.0"
      }
    },
    "node_modules/workbox-build/node_modules/@jridgewell/gen-mapping": {
      "version": "0.3.5",
      "resolved": "https://registry.npmjs.org/@jridgewell/gen-mapping/-/gen-mapping-0.3.5.tgz",
      "integrity": "sha512-t2aI4Kryp21cM4Y2iR2a9iSmwAcXB82n93/a3tre8s8XfKa/yuPk5dn22uD2kV2s9Q1aaD3+4/L2UvJ3NTRxIw==",
      "dev": true,
      "dependencies": {
        "@jridgewell/set-array": "^1.1.2",
        "@jridgewell/sourcemap-codec": "^1.4.15",
        "@jridgewell/trace-mapping": "^0.3.25"
      },
      "engines": {
        "node": ">=6.0.0"
      }
    },
    "node_modules/workbox-build/node_modules/@jridgewell/set-array": {
      "version": "1.1.2",
      "resolved": "https://registry.npmjs.org/set-array/-/set-array-1.1.2.tgz",
      "integrity": "sha512-xnkaPqLhQLL56hP0o3c3mEa2lq5m0AFn5eLvl3U2n1lZHGr13mUdC5DkMvPIvO15iYIMTudf/wB428e23gO0+A==",
      "dev": true,
      "engines": {
        "node": ">=6.0.0"
      }
    },
    "node_modules/workbox-build/node_modules/@jridgewell/sourcemap-codec": {
      "version": "1.4.15",
      "resolved": "https://registry.npmjs.org/@jridgewell/sourcemap-codec/-/sourcemap-codec-1.4.15.tgz",
      "integrity": "sha512-eF2rxCRulEKXHTRiDrDy6erMYDqNw4vOftLWGvrwiMg+V64v7lGgRdaU09lSmSm+9yEgL4bAWs9vicBL5g6sOQ==",
      "dev": true
    },
    "node_modules/workbox-build/node_modules/@jridgewell/trace-mapping": {
      "version": "0.3.25",
      "resolved": "https://registry.npmjs.org/@jridgewell/trace-mapping/-/trace-mapping-0.3.25.tgz",
      "integrity": "sha512-vNk60222iAnm22x137uYd55oCR7Gv622I0f1A+I4RzPaMhc7e2h7n9pIJtQ4aIe0oZKd02K4M22pY16j2b8vCA==",
      "dev": true,
      "dependencies": {
        "@jridgewell/sourcemap-codec": "^1.4.14",
        "resolve-uri": "^0.1.0"
      }
    },
    "node_modules/workbox-build/node_modules/resolve-uri": {
      "version": "0.1.1",
      "resolved": "https://registry.npmjs.org/resolve-uri/-/resolve-uri-0.1.1.tgz",
      "integrity": "sha512-i+hKPKoYxWcEqKOK+nKdxw78g/y+9A2s2dI+it9/e4l92sV5G3gTQQgo2a758vGkDZ8Skf9Dk/iB2/btY5XnCA==",
      "dev": true
    },
    "node_modules/workbox-build/node_modules/rollup-plugin-terser": {
      "version": "7.0.2",
      "resolved": "https://registry.npmjs.org/rollup-plugin-terser/-/rollup-plugin-terser-7.0.2.tgz",
      "integrity": "sha512-np/oDo04m9y+V4/p2N/JtQY7f4N3M+2IYW6fBpp/0aA8p6DDU3aovD/PjWga2sT2S7hMoN+f+v29d91a92FUA==",
      "dev": true,
      "dependencies": {
        "jest-worker": "^26.6.2",
        "serialize-javascript": "^5.0.1",
        "terser": "^5.7.0"
      },
      "engines": {
        "node": ">=10"
      }
    },
    "node_modules/workbox-build/node_modules/rollup-plugin-terser/node_modules/jest-worker": {
      "version": "26.6.2",
      "resolved": "https://registry.npmjs.org/jest-worker/-/jest-worker-26.6.2.tgz",
      "integrity": "sha512-KWY9blN5/SjFcPfxtTbzko9rTMkzoYve2ro3rQ3PEzaYmN1rD/S/zRLQSsVu/p/N1qfD73PDg0359hS8EMe2gQ==",
      "dev": true,
      "dependencies": {
        "@types/node": "*",
        "merge-stream": "^2.0.0",
        "supports-color": "^7.0.0"
      },
      "engines": {
        "node": ">= 10.13.0"
      }
    },
    "node_modules/workbox-build/node_modules/rollup-plugin-terser/node_modules/jest-worker/node_modules/has-flag": {
      "version": "4.0.0",
      "resolved": "https://registry.npmjs.org/has-flag/-/has-flag-4.0.0.tgz",
      "integrity": "sha512-EykJT/Q1KjTW5+NdnibOKxM4kTWbMOh54Nu2hdaP2gRIiWcU9aVen20ifgmu52dnFuVeCVOn6UP4ur42o/AbMw==",
      "dev": true,
      "engines": {
        "node": ">=8"
      }
    },
    "node_modules/workbox-build/node_modules/rollup-plugin-terser/node_modules/jest-worker/node_modules/merge-stream": {
      "version": "2.0.0",
      "resolved": "https://registry.npmjs.org/merge-stream/-/merge-stream-2.0.0.tgz",
      "integrity": "sha512-abv/qOcuPfk3URPdlJyklI+3acAL1I6vylChZfh33iMCHpwbUivD0o8n2oKDbLSs4+1vuMa1TBmbb6sX+lV3fQ==",
      "dev": true
    },
    "node_modules/workbox-build/node_modules/rollup-plugin-terser/node_modules/jest-worker/node_modules/supports-color": {
      "version": "7.2.0",
      "resolved": "https://registry.npmjs.org/supports-color/-/supports-color-7.2.0.tgz",
      "integrity": "sha512-qpCAvRl9stuOHveKsn7HncJRvv501qIacKzQlO/+Lwxc9+0q2wLyv4Dfvt80/DPn2pqOBsJdDiogXGR9+OvwBA==",
      "dev": true,
      "dependencies": {
        "has-flag": "^4.0.0"
      },
      "engines": {
        "node": ">=8"
      }
    },
    "node_modules/workbox-build/node_modules/serialize-javascript": {
      "version": "5.0.1",
      "resolved": "https://registry.npmjs.org/serialize-javascript/-/serialize-javascript-5.0.1.tgz",
      "integrity": "sha512-S+YLfA9hisoY1EHCEw89z+aFh4A2L2/p53A/wxm2oX2a2ciIbxbp4vE/myP1T62ZjH2gXkm3sbn2sD/f23cSwg==",
      "dev": true,
      "dependencies": {
        "randombytes": "^2.1.0"
      }
    },
    "node_modules/workbox-build/node_modules/serialize-javascript/node_modules/randombytes": {
      "version": "2.1.0",
      "resolved": "https://registry.npmjs.org/randombytes/-/randombytes-2.1.0.tgz",
      "integrity": "sha512-vYl3iOX+4CKoEdejb0oFWtElSJAbfsVv9jlpOhfjZjC+pXylA+oCoBCvXo3J8f5ouSYaTMqS3tSAmTmMso+z9A==",
      "dev": true,
      "dependencies": {
        "safe-buffer": "^5.1.0"
      }
    },
    "node_modules/workbox-build/node_modules/serialize-javascript/node_modules/safe-buffer": {
      "version": "5.2.1",
      "resolved": "https://registry.npmjs.org/safe-buffer/-/safe-buffer-5.2.1.tgz",
      "integrity": "sha512-rp3So07Kyt0B8pJVJM1jVs1AiMLbE7/zSMElnYsP2DDL1KakGeLNobP2DDHHJkWOoRdM+eiBEkyL8NmolLoAQg==",
      "dev": true
    },
    "node_modules/workbox-window": {
      "version": "7.1.0",
      "resolved": "https://registry.npmjs.org/workbox-window/-/workbox-window-7.1.0.tgz",
      "integrity": "sha512-I50iP636/3zMRGNejD3UXL5u8fG4C0/tYyFE/pKlSWvjZqTUUwTjP2rYQn7f3wA+1x0SBOo23+11XzQnI0UqTA==",
      "dev": true,
      "dependencies": {
        "workbox-core": "7.1.0"
      },
      "engines": {
        "node": ">=18.0.0"
      }
    }
  }
}
