{
  "name": "team-jersey-sorter",
  "version": "1.0.0",
  "lockfileVersion": 3,
  "requires": true,
  "packages": {
    "": {
      "name": "team-jersey-sorter",
      "version": "1.0.0",
      "type": "module",
      "dependencies": {
        "html-to-image": "^1.11.11",
        "react": "^18.2.0",
        "react-dom": "^18.2.0"
      },
      "devDependencies": {
        "@types/react": "^18.2.0",
        "@types/react-dom": "^18.2.0",
        "@vitejs/plugin-react": "^4.2.1",
        "typescript": "^5.2.2",
        "vite": "^5.2.0"
      }
    },
    "node_modules/@babel/core": {
      "version": "7.24.7",
      "resolved": "https://registry.npmjs.org/@babel/core/-/core-7.24.7.tgz",
      "integrity": "sha512-R/1E0NNfw6nNm2cj8/1YPlwWc5cCv27a9Myt22jTioNa0gTdzq012ePGO9yqDsLd7e35F//vPC2T3Kk6CS3KZA==",
      "dev": true,
      "dependencies": {
        "@babel/helper-compilation-targets": "^7.24.7",
        "@babel/helper-module-transforms": "^7.24.7",
        "@babel/helpers": "^7.24.7",
        "@babel/parser": "^7.24.7",
        "@babel/template": "^7.24.7",
        "@babel/traverse": "^7.24.7",
        "@babel/types": "^7.24.7",
        "convert-source-map": "^2.0.0",
        "debug": "^4.3.1",
        "gensync": "^1.0.0-beta.2",
        "json5": "^2.2.3",
        "semver": "^6.3.1",
        "source-map": "^0.5.0"
      },
      "engines": {
        "node": ">=6.9.0"
      },
      "funding": {
        "type": "opencollective",
        "url": "https://opencollective.com/babel"
      },
      "peerDependencies": {
        "@babel/generator": "^7.0.0"
      }
    },
    "node_modules/@babel/generator": {
      "version": "7.24.7",
      "resolved": "https://registry.npmjs.org/@babel/generator/-/generator-7.24.7.tgz",
      "integrity": "sha512-n3DrygCzQcI6eT9V2y87yqReqrD2+ZFE4lhJ73+T3nj2UfgN25eUtF85iQ2t5T/vV3lT1TZZqPZ6tAs8x6Vdew==",
      "dev": true,
      "dependencies": {
        "@babel/types": "^7.24.7",
        "@jridgewell/gen-mapping": "^0.3.5",
        "jsesc": "^2.5.1"
      },
      "engines": {
        "node": ">=6.9.0"
      }
    },
    "node_modules/@babel/helper-compilation-targets": {
      "version": "7.24.7",
      "resolved": "https://registry.npmjs.org/@babel/helper-compilation-targets/-/helper-compilation-targets-7.24.7.tgz",
      "integrity": "sha512-Y3g2pLsMo9geY6W49bbrH20p24/l3LdCEYkC52yzbXo6b7xN/SNBZs0bS2fVSA753pUXj+Iu+bBvbvD32WzS1g==",
      "dev": true,
      "dependencies": {
        "@babel/compat-data": "^7.24.7",
        "@babel/helper-validator-option": "^7.24.7",
        "browserslist": "^4.23.0",
        "semver": "^6.3.1"
      },
      "engines": {
        "node": ">=6.9.0"
      },
      "peerDependencies": {
        "webpack": "4.x || 5.x"
      },
      "peerDependenciesMeta": {
        "webpack": {
          "optional": true
        }
      }
    },
    "node_modules/@babel/helper-environment-visitor": {
      "version": "7.22.20",
      "resolved": "https://registry.npmjs.org/@babel/helper-environment-visitor/-/helper-environment-visitor-7.22.20.tgz",
      "integrity": "sha512-zfed8yL0bLzI4RL8sV0Atv9Q2Y82XpE2G/5DcSxRuMbfh4Anj55+8bJvcb23Iq9S1/TEl1yT7L9lt7Uo+SPtUQ==",
      "dev": true,
      "engines": {
        "node": ">=6.9.0"
      }
    },
    "node_modules/@babel/helper-function-name": {
      "version": "7.24.7",
      "resolved": "https://registry.npmjs.org/@babel/helper-function-name/-/helper-function-name-7.24.7.tgz",
      "integrity": "sha512-y/gke2DEkw/VzYTN5zTJZ9vYCtDPq9xeyDP1TPVp362n3W/q8A3hGPoTnHjTMB4k+bngb7u4VET7wQziUK6fBg==",
      "dev": true,
      "dependencies": {
        "@babel/template": "^7.24.7",
        "@babel/types": "^7.24.7"
      },
      "engines": {
        "node": ">=6.9.0"
      }
    },
    "node_modules/@babel/helper-hoist-variables": {
      "version": "7.22.5",
      "resolved": "https://registry.npmjs.org/@babel/helper-hoist-variables/-/helper-hoist-variables-7.22.5.tgz",
      "integrity": "sha512-wGjk9QGqM/sCBxv2v4K1aE9QRVbmg1PS3VIlhAI13bBikCH+5f4vX/X5sQ7j8i84YV96c73jVCxPO/I8QAN26A==",
      "dev": true,
      "dependencies": {
        "@babel/types": "^7.22.5"
      },
      "engines": {
        "node": ">=6.9.0"
      }
    },
    "node_modules/@babel/helper-module-imports": {
      "version": "7.24.7",
      "resolved": "https://registry.npmjs.org/@babel/helper-module-imports/-/helper-module-imports-7.24.7.tgz",
      "integrity": "sha512-H/5zEUCQH2D7xJ+38+wYLeAv2zAKChYJVhAGvUADztT2voo3a/S/E8t225pBjgkVo8N/Y61tSq13d0Gv9v5Yyg==",
      "dev": true,
      "dependencies": {
        "@babel/types": "^7.24.7"
      },
      "engines": {
        "node": ">=6.9.0"
      }
    },
    "node_modules/@babel/helper-module-transforms": {
      "version": "7.24.7",
      "resolved": "https://registry.npmjs.org/@babel/helper-module-transforms/-/helper-module-transforms-7.24.7.tgz",
      "integrity": "sha512-uTzE/Y0w3r4X3KxH2R23z+4/3gSSO5P4sX2N2yJtklb3cCVp31yW68mQ2N1w+YcK7C/+uHwMldn7m6gW9w==",
      "dev": true,
      "dependencies": {
        "@babel/helper-environment-visitor": "^7.22.20",
        "@babel/helper-module-imports": "^7.24.7",
        "@babel/helper-simple-access": "^7.24.7",
        "@babel/helper-split-export-declaration": "^7.24.7",
        "@babel/helper-validator-identifier": "^7.24.7",
        "@babel/template": "^7.24.7",
        "@babel/traverse": "^7.24.7",
        "@babel/types": "^7.24.7"
      },
      "engines": {
        "node": ">=6.9.0"
      }
    },
    "node_modules/@babel/helper-plugin-utils": {
      "version": "7.24.7",
      "resolved": "https://registry.npmjs.org/@babel/helper-plugin-utils/-/helper-plugin-utils-7.24.7.tgz",
      "integrity": "sha512-aTua4koDQUQkPT4DgaNacV83WDbACw4eL2wfgx856s3kdpdQGr+IeenvZV22yso2O8+vpaFh8a8W32TCg744cg==",
      "dev": true,
      "engines": {
        "node": ">=6.9.0"
      }
    },
    "node_modules/@babel/helper-simple-access": {
      "version": "7.24.7",
      "resolved": "https://registry.npmjs.org/@babel/helper-simple-access/-/helper-simple-access-7.24.7.tgz",
      "integrity": "sha512-P9nHe2KP10nJYx6r08jRUXPBjM0E2wIHYt0Fz20t84g7bbHPAxW2eT8PEQ+kYgqs2McEFWxbg3IIn4m2Nn8z7g==",
      "dev": true,
      "dependencies": {
        "@babel/types": "^7.24.7"
      },
      "engines": {
        "node": ">=6.9.0"
      }
    },
    "node_modules/@babel/helper-split-export-declaration": {
      "version": "7.24.7",
      "resolved": "https://registry.npmjs.org/@babel/helper-split-export-declaration/-/helper-split-export-declaration-7.24.7.tgz",
      "integrity": "sha512-Z59+rA6QjhCrGk35yTz3i+hDPl/1t85mX/1S6sWGVdGf/pDNqK0Fex9/XfXklm3gCXZBq2lY4xb8C5Wl/OvJqA==",
      "dev": true,
      "dependencies": {
        "@babel/types": "^7.24.7"
      },
      "engines": {
        "node": ">=6.9.0"
      }
    },
    "node_modules/@babel/helper-string-parser": {
      "version": "7.24.7",
      "resolved": "https://registry.npmjs.org/@babel/helper-string-parser/-/helper-string-parser-7.24.7.tgz",
      "integrity": "sha512-25YJOhA5/t4iK5a/gx2mX6T8p2XWvL+Db5r8y/VStz3mh2ae2gSqvT4Pj7Gf1a+b/2Kq2Yx6Lsa/MEpT74U+OA==",
      "dev": true,
      "engines": {
        "node": ">=6.9.0"
      }
    },
    "node_modules/@babel/helper-validator-identifier": {
      "version": "7.24.7",
      "resolved": "https://registry.npmjs.org/@babel/helper-validator-identifier/-/helper-validator-identifier-7.24.7.tgz",
      "integrity": "sha512-k4GgfxGNCe6EAWa/qPh8nS3nNbPpahLiChz/I2WqA5eQ8dE8TET3yXyB//bFp3Q4h+lpF3I4KjTIKJV894xG0w==",
      "dev": true,
      "engines": {
        "node": ">=6.9.0"
      }
    },
    "node_modules/@babel/helper-validator-option": {
      "version": "7.24.7",
      "resolved": "https://registry.npmjs.org/@babel/helper-validator-option/-/helper-validator-option-7.24.7.tgz",
      "integrity": "sha512-n3oBvA0g2i4tG2BZHXHPRMf0CRW1lL8T+m1D/5Dk/5i+y4N2k3n3jL5Yj3iFSPVnBV0D2b2wDAZ4+UIeJ1h8wA==",
      "dev": true,
      "engines": {
        "node": ">=6.9.0"
      }
    },
    "node_modules/@babel/helpers": {
      "version": "7.24.7",
      "resolved": "https://registry.npmjs.org/@babel/helpers/-/helpers-7.24.7.tgz",
      "integrity": "sha512-fWIj3zVushaGpxo5c8Bno6BCs5/DImtL6ixhH0JlycO11z/TfWJb/YmW20+TfLzaCjMPb2YVdt2KxHlRkR4Kag==",
      "dev": true,
      "dependencies": {
        "@babel/template": "^7.24.7",
        "@babel/traverse": "^7.24.7",
        "@babel/types": "^7.24.7"
      },
      "engines": {
        "node": ">=6.9.0"
      }
    },
    "node_modules/@babel/parser": {
      "version": "7.24.7",
      "resolved": "https://registry.npmjs.org/@babel/parser/-/parser-7.24.7.tgz",
      "integrity": "sha512-sTpu3w+m56h9YwO8V/L+u8rweImxYnFm2Sg2gSGy1CPuXfRi9rG4YfFcf0L+DDJ8zB2f2FzEXrWdKj7s22Ue/Q==",
      "dev": true,
      "bin": {
        "parser": "bin/babel-parser.js"
      },
      "engines": {
        "node": ">=6.9.0"
      }
    },
    "node_modules/@babel/plugin-syntax-jsx": {
      "version": "7.24.7",
      "resolved": "https://registry.npmjs.org/@babel/plugin-syntax-jsx/-/plugin-syntax-jsx-7.24.7.tgz",
      "integrity": "sha512-z1Q2pgLpNBkIGQ2Nnufb+i1fWzgKEuB3QoAcm9Aj2iAlQ23FUMdD1A2kDp0XgCovL/2y/uj8e+w30w3W7aTDMQ==",
      "dev": true,
      "dependencies": {
        "@babel/helper-plugin-utils": "^7.24.7"
      },
      "engines": {
        "node": ">=6.9.0"
      },
      "peerDependencies": {
        "@babel/core": "^7.0.0-0"
      }
    },
    "node_modules/@babel/plugin-transform-react-jsx": {
      "version": "7.24.7",
      "resolved": "https://registry.npmjs.org/@babel/plugin-transform-react-jsx/-/plugin-transform-react-jsx-7.24.7.tgz",
      "integrity": "sha512-bK2N/yWvLwLFhaAoePpr3M87QdjmZyS89i3k5wWz5LpOXs/sT4uZuP3+o6x7MViQcvlshkI0p0+F/R6jYpg5pA==",
      "dev": true,
      "dependencies": {
        "@babel/helper-annotate-as-pure": "^7.22.5",
        "@babel/helper-module-imports": "^7.24.7",
        "@babel/helper-plugin-utils": "^7.24.7",
        "@babel/plugin-syntax-jsx": "^7.24.7",
        "@babel/types": "^7.24.7"
      },
      "engines": {
        "node": ">=6.9.0"
      },
      "peerDependencies": {
        "@babel/core": "^7.0.0-0"
      }
    },
    "node_modules/@babel/plugin-transform-react-jsx-development": {
      "version": "7.24.7",
      "resolved": "https://registry.npmjs.org/@babel/plugin-transform-react-jsx-development/-/plugin-transform-react-jsx-development-7.24.7.tgz",
      "integrity": "sha512-1Z4+l1Wd4XhNfQk6vM1+J3/tq6Yk/2mZ/xGfB1w6h+r20GfRDUo/4vDq/mF+T1e+0mF8zUaK2o2+2b5Pg==",
      "dev": true,
      "dependencies": {
        "@babel/plugin-transform-react-jsx": "^7.24.7"
      },
      "engines": {
        "node": ">=6.9.0"
      },
      "peerDependencies": {
        "@babel/core": "^7.0.0-0"
      }
    },
    "node_modules/@babel/runtime": {
      "version": "7.24.7",
      "resolved": "https://registry.npmjs.org/fsevents/-/fsevents-2.3.3.tgz",
      "integrity": "sha512-/4sJ3gP9F9tM25Ld54xTfNrmo2kOsOo2xY3nIUW/scYWRH23bAti8z9JgftkIt8kP/k4ey2qY2UA+2eK4x+KjA==",
      "dev": true,
      "optional": true,
      "os": [
        "darwin"
      ],
      "engines": {
        "node": "^8.16.0 || ^10.6.0 || >=11.0.0"
      }
    },
    "node_modules/@babel/template": {
      "version": "7.24.7",
      "resolved": "https://registry.npmjs.org/@babel/template/-/template-7.24.7.tgz",
      "integrity": "sha512-Nl4eCv6/rK9p9vzk2GNEaQjSw+25p9x2zhmb25K454Q4oP7+nNKIyv0ZzSW3s5yAFz2YOK2/y1vKjVD8Yt+Nwg==",
      "dev": true,
      "dependencies": {
        "@babel/parser": "^7.24.7",
        "@babel/types": "^7.24.7"
      },
      "engines": {
        "node": ">=6.9.0"
      }
    },
    "node_modules/@babel/traverse": {
      "version": "7.24.7",
      "resolved": "https://registry.npmjs.org/@babel/traverse/-/traverse-7.24.7.tgz",
      "integrity": "sha512-m3E1X/a/uR5xLDBvA2e3O+kIkl89LzA8m2C1pAAnYn0h+iKJC5w0st4IaooDqY+vU3pbrD8M/+5Ggxk49zIUlA==",
      "dev": true,
      "dependencies": {
        "@babel/generator": "^7.24.7",
        "@babel/helper-environment-visitor": "^7.22.20",
        "@babel/helper-function-name": "^7.24.7",
        "@babel/helper-hoist-variables": "^7.22.5",
        "@babel/helper-split-export-declaration": "^7.24.7",
        "@babel/parser": "^7.24.7",
        "@babel/types": "^7.24.7",
        "debug": "^4.3.1",
        "globals": "^11.1.0"
      },
      "engines": {
        "node": ">=6.9.0"
      }
    },
    "node_modules/@babel/types": {
      "version": "7.24.7",
      "resolved": "https://registry.npmjs.org/@babel/types/-/types-7.24.7.tgz",
      "integrity": "sha512-s4uEy5aVClB4w5G4B2j/EBbHVCmf3E4xGk2eAkrgjvyqWJvReW2Qbo5Qnd/5vT4m1M4rnu0JyGflVvS7kQ02cg==",
      "dev": true,
      "dependencies": {
        "@babel/helper-string-parser": "^7.24.7",
        "to-fast-properties": "^2.0.0"
      },
      "engines": {
        "node": ">=6.9.0"
      }
    },
    "node_modules/@jridgewell/gen-mapping": {
      "version": "0.3.5",
      "resolved": "https://registry.npmjs.org/@jridgewell/gen-mapping/-/gen-mapping-0.3.5.tgz",
      "integrity": "sha512-plbFwP5f450i4g3dcoK/3wPd/18E3r9d36UG2sQn5dapzbD82bLY2xQp0xzP3yT2E+gg0ieVd8+nB3nIe9zV+Q==",
      "dev": true,
      "dependencies": {
        "@jridgewell/set-array": "^1.2.1",
        "@jridgewell/sourcemap-codec": "^1.4.15"
      },
      "engines": {
        "node": ">=6.0.0"
      }
    },
    "node_modules/@jridgewell/resolve-uri": {
      "version": "3.1.2",
      "resolved": "https://registry.npmjs.org/@jridgewell/resolve-uri/-/resolve-uri-3.1.2.tgz",
      "integrity": "sha512-b2dF2ROdfCM/hS3ce7Mzye2UN1x02e/2jrd9mSq63eTET2/4Tf/4P6eR7t8XmO/L2yV2S8bMy1Xj2w84nZHNAw==",
      "dev": true,
      "engines": {
        "node": ">=6.0.0"
      }
    },
    "node_modules/@jridgewell/set-array": {
      "version": "1.2.1",
      "resolved": "https://registry.npmjs.org/@jridgewell/set-array/-/set-array-1.2.1.tgz",
      "integrity": "sha512-Rz29w2rQ7/CVaKz/Sg3NPEje7l8P5zREdko8o47q2JUbl13PmL4Xq47x27fS4xhgE9dGgKE2aemz257iLIA54g==",
      "dev": true,
      "engines": {
        "node": ">=6.0.0"
      }
    },
    "node_modules/@jridgewell/sourcemap-codec": {
      "version": "1.4.15",
      "resolved": "https://registry.npmjs.org/@jridgewell/sourcemap-codec/-/sourcemap-codec-1.4.15.tgz",
      "integrity": "sha512-eF2rxCRulEKXHTRiDrDy6erMYDqNw4LP1kTpuGom5s1pa153VbAudXVRsCCa0do4F1ls8hDCr7gmwsuJoAe5EA==",
      "dev": true
    },
    "node_modules/@jridgewell/trace-mapping": {
      "version": "0.3.25",
      "resolved": "https://registry.npmjs.org/@jridgewell/trace-mapping/-/trace-mapping-0.3.25.tgz",
      "integrity": "sha512-vNk6aE5ll1FJGgS2zgsTWaET89c9MRy34K54jDR222KLexbC9k2T23f/6/M6jwhjF/V/02I+sPmsD433se23gQ==",
      "dev": true,
      "dependencies": {
        "@jridgewell/resolve-uri": "3.1.2",
        "@jridgewell/sourcemap-codec": "1.4.15"
      }
    },
    "node_modules/@rollup/rollup-android-arm-eabi": {
      "version": "4.18.0",
      "resolved": "https://registry.npmjs.org/@rollup/rollup-android-arm-eabi/-/rollup-android-arm-eabi-4.18.0.tgz",
      "integrity": "sha512-2lPVnN/TrClAqyUdd1Hl4rJ3n3Qc2Zf+s337v6Fai7+n1uBGIQhSgUuGrznsFB4fHq3cHUzJq24z3/v5+X6v9Q==",
      "dev": true,
      "cpu": [
        "arm"
      ],
      "optional": true,
      "os": [
        "android"
      ]
    },
    "node_modules/@rollup/rollup-android-arm64": {
      "version": "4.18.0",
      "resolved": "https://registry.npmjs.org/@rollup/rollup-android-arm64/-/rollup-android-arm64-4.18.0.tgz",
      "integrity": "sha512-O65cvjWjw8O1e/ohWygjN4K/q+1LwknX20v3b2uQhK4QyqCdBz2m5lUoV4tL5h1b6jGq/k/d1fR7tIgIOMW9g==",
      "dev": true,
      "cpu": [
        "arm64"
      ],
      "optional": true,
      "os": [
        "android"
      ]
    },
    "node_modules/@rollup/rollup-darwin-arm64": {
      "version": "4.18.0",
      "resolved": "https://registry.npmjs.org/@rollup/rollup-darwin-arm64/-/rollup-darwin-arm64-4.18.0.tgz",
      "integrity": "sha512-hQ8s2t2j47uRjTleA5uJV7QZ6H6u4kYPMBOxQh+L9gWJd0Q2r4yvGj5wMh2iI+oN6Nf0bCGe632hJp/d1L3iQ==",
      "dev": true,
      "cpu": [
        "arm64"
      ],
      "optional": true,
      "os": [
        "darwin"
      ]
    },
    "node_modules/@rollup/rollup-darwin-x64": {
      "version": "4.18.0",
      "resolved": "https://registry.npmjs.org/@rollup/rollup-darwin-x64/-/rollup-darwin-x64-4.18.0.tgz",
      "integrity": "sha512-5T/5iA/3S/G25j0Y6w8CB81E1wxdJsnLSl+nAY4KDAW4tJkMLiYx2z3e/3V3xQ5PX97HnI0z+w7gG2WbQ1u78g==",
      "dev": true,
      "cpu": [
        "x64"
      ],
      "optional": true,
      "os": [
        "darwin"
      ]
    },
    "node_modules/@rollup/rollup-linux-arm-gnueabihf": {
      "version": "4.18.0",
      "resolved": "https://registry.npmjs.org/@rollup/rollup-linux-arm-gnueabihf/-/rollup-linux-arm-gnueabihf-4.18.0.tgz",
      "integrity": "sha512-w0qN1/4/RUMlA/AIOZ5/X1X+8Pjl/S8Zq+X6C19i5dC22I8n51lVwXG+5u54dYI2M5tU0e5i/3tM3E9jZA==",
      "dev": true,
      "cpu": [
        "arm"
      ],
      "optional": true,
      "os": [
        "linux"
      ]
    },
    "node_modules/@rollup/rollup-linux-arm64-gnu": {
      "version": "4.18.0",
      "resolved": "https://registry.npmjs.org/@rollup/rollup-linux-arm64-gnu/-/rollup-linux-arm64-gnu-4.18.0.tgz",
      "integrity": "sha512-W4qL/yP8Y+mJFnPz55r4s2iWcbKqFToO+2+1WbT/w4jZZdQDQYfL4E5bTljW124tQJ/+JqKxpeEa0eF5j/zY9g==",
      "dev": true,
      "cpu": [
        "arm64"
      ],
      "optional": true,
      "os": [
        "linux"
      ]
    },
    "node_modules/@rollup/rollup-linux-arm64-musl": {
      "version": "4.18.0",
      "resolved": "https://registry.npmjs.org/@rollup/rollup-linux-arm64-musl/-/rollup-linux-arm64-musl-4.18.0.tgz",
      "integrity": "sha512-rSg0QoYg9f14T2YIuBq/lEw0l2WzEuAEiZsyq7rYAPe5LgV2FJHBCvM16p0I3P1B51P6fHkH1+zM3dSh+7M/Rw==",
      "dev": true,
      "cpu": [
        "arm64"
      ],
      "optional": true,
      "os": [
        "linux"
      ]
    },
    "node_modules/@rollup/rollup-linux-x64-gnu": {
      "version": "4.18.0",
      "resolved": "https://registry.npmjs.org/@rollup/rollup-linux-x64-gnu/-/rollup-linux-x64-gnu-4.18.0.tgz",
      "integrity": "sha512-87xJESs5a+3d2jP824mUEnjZKYCj4F34lSqxt0jk3sY9LJjD5j6kY2Yx8m1n/lA/t2ZzHqxbjY/hAy/L1J4fSw==",
      "dev": true,
      "cpu": [
        "x64"
      ],
      "optional": true,
      "os": [
        "linux"
      ]
    },
    "node_modules/@rollup/rollup-linux-x64-musl": {
      "version": "4.18.0",
      "resolved": "https://registry.npmjs.org/@rollup/rollup-linux-x64-musl/-/rollup-linux-x64-musl-4.18.0.tgz",
      "integrity": "sha512-V2T63bCjKjEEYYIE4Vv6vnyXv5dmmtKKp7a8J5Uv4d/Jxyo87s9j5dERAhDPEwQW53Rk8K+P/S73+UjCh5pT1g==",
      "dev": true,
      "cpu": [
        "x64"
      ],
      "optional": true,
      "os": [
        "linux"
      ]
    },
    "node_modules/@rollup/rollup-win32-arm64-msvc": {
      "version": "4.18.0",
      "resolved": "https://registry.npmjs.org/@rollup/rollup-win32-arm64-msvc/-/rollup-win32-arm64-msvc-4.18.0.tgz",
      "integrity": "sha512-Y1KExh1h4hK2HkZg2GkS143bN+0fN+0KcFDR2iYJBYr2h2pOpUvG32Z6Lw00B6ntC4L4K8+g+tCaKSAK5Vp44w==",
      "dev": true,
      "cpu": [
        "arm64"
      ],
      "optional": true,
      "os": [
        "win32"
      ]
    },
    "node_modules/@rollup/rollup-win32-ia32-msvc": {
      "version": "4.18.0",
      "resolved": "https://registry.npmjs.org/@rollup/rollup-win32-ia32-msvc/-/rollup-win32-ia32-msvc-4.18.0.tgz",
      "integrity": "sha512-rR7yXk2yX2b/py2p+S/X8v6PWOdMv8/a9d2P5vA8mXbtjY3ZFEqBCa043z/S2sUPqf1bI8yJpA5/tZ9rM+o07A==",
      "dev": true,
      "cpu": [
        "ia32"
      ],
      "optional": true,
      "os": [
        "win32"
      ]
    },
    "node_modules/@rollup/rollup-win32-x64-msvc": {
      "version": "4.18.0",
      "resolved": "https://registry.npmjs.org/@rollup/rollup-win32-x64-msvc/-/rollup-win32-x64-msvc-4.18.0.tgz",
      "integrity": "sha512-Xh1Y2wLqY1B5i4K0F3S2Fz8BZmbfTwP+y+2s6E/cRj0H3hOuc0c5/GtFq8oYqgRzKAD0rOrsY6W368ZlP5xKDA==",
      "dev": true,
      "cpu": [
        "x64"
      ],
      "optional": true,
      "os": [
        "win32"
      ]
    },
    "node_modules/@types/prop-types": {
      "version": "15.7.12",
      "resolved": "https://registry.npmjs.org/@types/prop-types/-/prop-types-15.7.12.tgz",
      "integrity": "sha512-5zvhKV9caDcPEjnmv8eMy0A8/AmI2qB53rWI3fG90n0m3bxxg5/B9xLpxX3n0/aENk6k0AwX8QYChM3+G1gXag==",
      "dev": true
    },
    "node_modules/@types/react": {
      "version": "18.2.0",
      "resolved": "https://registry.npmjs.org/@types/react/-/react-18.2.0.tgz",
      "integrity": "sha512-j6JmC76cx5HJQ2ys2sOEU8T8U+s+n5k3gC6pW2sR/2tIKtYX8yUenS2b4zN5G5vjAg6JSSmNEn0FjQoGbz/W/Q==",
      "dev": true,
      "dependencies": {
        "@types/prop-types": "*",
        "csstype": "^3.0.2"
      }
    },
    "node_modules/@types/react-dom": {
      "version": "18.2.0",
      "resolved": "https://registry.npmjs.org/@types/react-dom/-/react-dom-18.2.0.tgz",
      "integrity": "sha512-bB+epY5LhGf3bK+iQj0dZVbbM4cWp+5LThYyTQT95CSw8A9d1TflcVzRQU7x3e/FkP5A8X8tclbrp+Tvrqyo0A==",
      "dev": true,
      "dependencies": {
        "@types/react": "*"
      }
    },
    "node_modules/@vitejs/plugin-react": {
      "version": "4.2.1",
      "resolved": "https://registry.npmjs.org/@vitejs/plugin-react/-/plugin-react-4.2.1.tgz",
      "integrity": "sha512-s2fa/5v13O0RZ+s3mH6fBcz8hY40gK/S9a2j2d334pXfwsIG+fG8pW/X6W50Pq3fQcQ1g2J1r2E1tFW02w==",
      "dev": true,
      "dependencies": {
        "@babel/core": "^7.23.6",
        "@babel/plugin-transform-react-jsx-development": "^7.22.5",
        "@babel/runtime": "^7.23.6"
      },
      "engines": {
        "node": ">=18"
      },
      "peerDependencies": {
        "vite": "^4.2.0 || ^5.0.0"
      }
    },
    "node_modules/acorn": {
      "version": "8.12.0",
      "resolved": "https://registry.npmjs.org/acorn/-/acorn-8.12.0.tgz",
      "integrity": "sha512-d0P0wIzzPD4I6Yjy22WXd22uMe2lP3n2q2Ie9yJ21/YV8vY/3pE98jsY2oGzCAtgs5p5mGgRkGz9e0b2vC1KCA==",
      "dev": true,
      "bin": {
        "acorn": "bin/acorn"
      },
      "engines": {
        "node": ">=0.4.0"
      }
    },
    "node_modules/acorn-jsx": {
      "version": "5.3.2",
      "resolved": "https://registry.npmjs.org/acorn-jsx/-/acorn-jsx-5.3.2.tgz",
      "integrity": "sha512-rq9s+JcXfOaY9DN/We7QLD6OPVDEfCMocvPnDZ7h5Tf21iO67T7g6/D3+K8TzdTvsCRiFMK2FhprpgjYHEmDwg==",
      "dev": true,
      "peerDependencies": {
        "acorn": "^6.0.0 || ^7.0.0 || ^8.0.0"
      }
    },
    "node_modules/browserslist": {
      "version": "4.23.1",
      "resolved": "https://registry.npmjs.org/browserslist/-/browserslist-4.23.1.tgz",
      "integrity": "sha512-eW2WMWJXC1pM/KFfQiE6Ie9n+gT78RMuq8jXyP+j21ng0ot0+VLPQrqP0o4AnjMDU6dX2Kx1z/ED1t/nPNf3MA==",
      "dev": true,
      "funding": [
        {
          "type": "opencollective",
          "url": "https://opencollective.com/browserslist"
        },
        {
          "type": "tidelift",
          "url": "https://tidelift.com/funding/github/npm/browserslist"
        },
        {
          "type": "github",
          "url": "https://github.com/sponsors/ai"
        }
      ],
      "dependencies": {
        "caniuse-lite": "^1.0.30001591",
        "electron-to-chromium": "^1.4.784",
        "node-releases": "^2.0.14",
        "update-browserslist-db": "^1.0.13"
      },
      "bin": {
        "browserslist": "cli.js"
      },
      "engines": {
        "node": "^6 || ^7 || ^8 || ^9 || ^10 || ^11 || ^12 || >=13.7"
      }
    },
    "node_modules/caniuse-lite": {
      "version": "1.0.30001633",
      "resolved": "https://registry.npmjs.org/caniuse-lite/-/caniuse-lite-1.0.30001633.tgz",
      "integrity": "sha512-+LdY92qCqYyTMWXk7pMkuTCEpnDBKMxC52bkr9zpo9LUKC5qKW+6yO3/31oBq3A2rGbz1I4C2+eQxYtFrUeN7g==",
      "dev": true,
      "funding": [
        {
          "type": "opencollective",
          "url": "https://opencollective.com/browserslist"
        },
        {
          "type": "tidelift",
          "url": "https://tidelift.com/funding/github/npm/caniuse-lite"
        }
      ]
    },
    "node_modules/clone-deep": {
      "version": "4.0.1",
      "resolved": "https://registry.npmjs.org/clone-deep/-/clone-deep-4.0.1.tgz",
      "integrity": "sha512-neHB9xT4K4e7/Bw4eNChABc342iA2gR2A7y7z1vDxP93a2/b5cSs3MxGkyOd3cvooK365mBReA2h2dDuV6M5OA==",
      "dependencies": {
        "kind-of": "^6.0.3",
        "shallow-clone": "^3.0.1"
      },
      "engines": {
        "node": ">=6"
      }
    },
    "node_modules/convert-source-map": {
      "version": "2.0.0",
      "resolved": "https://registry.npmjs.org/convert-source-map/-/convert-source-map-2.0.0.tgz",
      "integrity": "sha512-KvpKk6IMg95+sFh+Q63f8dG2k8o8Z1ePSwT/J28ht1P1eC274nl2hPtxDFrT4d2y2yXwdrb4t9zN/H2bB7AmQ==",
      "dev": true
    },
    "node_modules/css-url-parser": {
      "version": "1.1.3",
      "resolved": "https://registry.npmjs.org/css-url-parser/-/css-url-parser-1.1.3.tgz",
      "integrity": "sha512-UaOgs5L6eTFUyPkuFGVQ0hS/c1l38XgmM2D5cC6u6f4K1Brqg9r7bYJSHmUAn0IuBffK1A5/4rYyb6QYg6tP5A=="
    },
    "node_modules/csstype": {
      "version": "3.1.3",
      "resolved": "https://registry.npmjs.org/csstype/-/csstype-3.1.3.tgz",
      "integrity": "sha512-M1uQkMl8r3FEjYMnSirG1NApoOo1o52aFAMcv/j1z0d08vBBJGf0R4VCpx/3sSRpeB+2o856S8P2D2gM3eA5A==",
      "dev": true
    },
    "node_modules/debug": {
      "version": "4.3.5",
      "resolved": "https://registry.npmjs.org/debug/-/debug-4.3.5.tgz",
      "integrity": "sha512-S+bCUNULL7I0Tupw9/FlJ1H2/Srqe/k+rCFQNv/Yfwqk/2so1s/kM8SBA0dtn2z8wBGZ9/jV9tgKx+Y9/3U0aQ==",
      "dev": true,
      "dependencies": {
        "ms": "2.1.2"
      },
      "engines": {
        "node": ">=6.0"
      },
      "peerDependenciesMeta": {
        "supports-color": {
          "optional": true
        }
      }
    },
    "node_modules/electron-to-chromium": {
      "version": "1.4.795",
      "resolved": "https://registry.npmjs.org/electron-to-chromium/-/electron-to-chromium-1.4.795.tgz",
      "integrity": "sha512-PqsM0v2iGXTN45SJOc0yBrnBVuA01XbgGgPTZp9c4vO6I4dJt3soA+4eW2k/4sKqftxgs8w5BCs4aQUQ/3O2fQ==",
      "dev": true
    },
    "node_modules/esbuild": {
      "version": "0.20.2",
      "resolved": "https://registry.npmjs.org/esbuild/-/esbuild-0.20.2.tgz",
      "integrity": "sha512-pcINzM2J80L2iQJq809MKk8OqJ1rsr6kYTRmczS275EuW3dE73V53xlx7xK8iSsxTwYt1Q9K4h2S5Qy+crr+Lw==",
      "dev": true,
      "hasInstallScript": true,
      "bin": {
        "esbuild": "bin/esbuild"
      },
      "engines": {
        "node": ">=12"
      },
      "optionalDependencies": {
        "@esbuild/android-arm": "0.20.2",
        "@esbuild/android-arm64": "0.20.2",
        "@esbuild/android-x64": "0.20.2",
        "@esbuild/darwin-arm64": "0.20.2",
        "@esbuild/darwin-x64": "0.20.2",
        "@esbuild/freebsd-arm64": "0.20.2",
        "@esbuild/freebsd-x64": "0.20.2",
        "@esbuild/linux-arm": "0.20.2",
        "@esbuild/linux-arm64": "0.20.2",
        "@esbuild/linux-ia32": "0.20.2",
        "@esbuild/linux-loong64": "0.20.2",
        "@esbuild/linux-mips64el": "0.20.2",
        "@esbuild/linux-ppc64": "0.20.2",
        "@esbuild/linux-riscv64": "0.20.2",
        "@esbuild/linux-s390x": "0.20.2",
        "@esbuild/linux-x64": "0.20.2",
        "@esbuild/netbsd-x64": "0.20.2",
        "@esbuild/openbsd-x64": "0.20.2",
        "@esbuild/sunos-x64": "0.20.2",
        "@esbuild/win32-arm64": "0.20.2",
        "@esbuild/win32-ia32": "0.20.2",
        "@esbuild/win32-x64": "0.20.2"
      }
    },
    "node_modules/escalade": {
      "version": "3.1.2",
      "resolved": "https://registry.npmjs.org/escalade/-/escalade-3.1.2.tgz",
      "integrity": "sha512-M28329/3oW52Llo2itS2aN24Q1y+v0+v65lB4+3+pT+Pz876a30cQ7wA3p2gxL2e5f5h2BbtXk93gHA==",
      "dev": true,
      "engines": {
        "node": ">=6"
      }
    },
    "node_modules/gensync": {
      "version": "1.0.0-beta.2",
      "resolved": "https://registry.npmjs.org/gensync/-/gensync-1.0.0-beta.2.tgz",
      "integrity": "sha512-3h1t+v9+k8M0PZWC+35yv2d0uUv7wTz/8C81s3S7y1R4YQE4i/nlwlxGxf+TuhA/HIb4E2r3yD3/6/8BLTvA==",
      "dev": true,
      "engines": {
        "node": ">=6.9.0"
      }
    },
    "node_modules/globals": {
      "version": "11.12.0",
      "resolved": "https://registry.npmjs.org/globals/-/globals-11.12.0.tgz",
      "integrity": "sha512-WOBp/EEGUiIsJSp7wcv/y6CTONzi+f7rZQQ5tqGJelWotVIL9FodEiUgsadULL11+DOXo5x4e3S2EE5TsCCoTA==",
      "dev": true,
      "engines": {
        "node": ">=4"
      }
    },
    "node_modules/html-to-image": {
      "version": "1.11.11",
      "resolved": "https://registry.npmjs.org/html-to-image/-/html-to-image-1.11.11.tgz",
      "integrity": "sha512-Y31QAKPS8+kM2FejKnN33U/i5tXp3sbi+TSQ2kSEVd4aHR837Gq35A8x/e+sY5lYQY/lU3b382R5Qc/6y8iLpA==",
      "dependencies": {
        "clone-deep": "^4.0.1",
        "css-url-parser": "^1.1.3",
        "image-size": "^1.0.0",
        "jpeg-js": "^0.4.4",
        "png-js": "^1.0.0"
      }
    },
    "node_modules/image-size": {
      "version": "1.1.1",
      "resolved": "https://registry.npmjs.org/image-size/-/image-size-1.1.1.tgz",
      "integrity": "sha512-sFmQvh2jS/U+F/iH2kLyVzH25Sg5t2/Q9IZs3F4+Qk/bMUp8oXb5qg5CR3xMB0KkI3avXgoUSg7LzDhb5j2E4g==",
      "dependencies": {
        "queue": "6.0.2"
      },
      "bin": {
        "image-size": "bin/image-size.js"
      },
      "engines": {
        "node": ">=12.0.0"
      }
    },
    "node_modules/inherits": {
      "version": "2.0.4",
      "resolved": "https://registry.npmjs.org/inherits/-/inherits-2.0.4.tgz",
      "integrity": "sha512-k/vGaX4/Yla3Wb6Db8rADTT6Mfln4VTahhLgUBSd8hNEvYuFadNaYNeFP0ereq4Dy/50dXWReFeYbcYUbNEhA=="
    },
    "node_modules/jpeg-js": {
      "version": "0.4.4",
      "resolved": "https://registry.npmjs.org/jpeg-js/-/jpeg-js-0.4.4.tgz",
      "integrity": "sha512-W+XTAS/6Ew9TzM83aYJBCf/wRs+iNsk5G1wIeA3IqUoZGYbW/jKZEJ1LNgdvN/62Jg2sLpRoPxF4jTEoF+XNzA=="
    },
    "node_modules/js-tokens": {
      "version": "4.0.0",
      "resolved": "https://registry.npmjs.org/js-tokens/-/js-tokens-4.0.0.tgz",
      "integrity": "sha512-RdJUflcE3cUzKiMqQgsCu06FPu9UdIJO0beYbPhHN4k6apgJtifcoCtT9bcxOpYBtpD2kCM6Sbzg4CausW/PKQ=="
    },
    "node_modules/jsesc": {
      "version": "2.5.2",
      "resolved": "https://registry.npmjs.org/jsesc/-/jsesc-2.5.2.tgz",
      "integrity": "sha512-gfn+1bgyJrULTovD2xOUa9xN21qMnXuADylfs8hW3aPz23ER1/3A2zTedGcfEe+vno8tr8D8tG8m3+XDPs7fIg==",
      "dev": true,
      "bin": {
        "jsesc": "bin/jsesc"
      },
      "engines": {
        "node": ">=4"
      }
    },
    "node_modules/json5": {
      "version": "2.2.3",
      "resolved": "https://registry.npmjs.org/json5/-/json5-2.2.3.tgz",
      "integrity": "sha512-XmOWe7eyHYH14cLdvaolSO+Gk5/uPdLIráO9v2CYLmyT4GFsdOupkRj2/CdL7GvJ0GN5RadGbz+DRAGBoLWT3w==",
      "dev": true,
      "bin": {
        "json5": "lib/cli.js"
      },
      "engines": {
        "node": ">=6"
      }
    },
    "node_modules/kind-of": {
      "version": "6.0.3",
      "resolved": "https://registry.npmjs.org/kind-of/-/kind-of-6.0.3.tgz",
      "integrity": "sha512-dcS1ul+9znKUvv8uWADintv1szCvEZelkqYeh8HIUMYGIZaZdNNVw9kkPbdP2Fl58uKi2z02AGDsAT+yt2xocw==",
      "engines": {
        "node": ">=6"
      }
    },
    "node_modules/loose-envify": {
      "version": "1.4.0",
      "resolved": "https://registry.npmjs.org/loose-envify/-/loose-envify-1.4.0.tgz",
      "integrity": "sha512-lyuxPGr/Wfhrlem2CL/UcnUc1zcqKAImBDzukY7Y5F/yQiRN4vU+vkwlEB/XVVRxkPp/p922KllKjbxlIYty3Q==",
      "dependencies": {
        "js-tokens": "^3.0.0 || ^4.0.0"
      },
      "bin": {
        "loose-envify": "cli.js"
      }
    },
    "node_modules/ms": {
      "version": "2.1.2",
      "resolved": "https://registry.npmjs.org/ms/-/ms-2.1.2.tgz",
      "integrity": "sha512-sGkPx+VjMtmA6MX27oA4FBFELFCZZ4S4XqeGOXCv68tT+jb3vk/RyaKWP0PTKyWtmLSM0b+adUTEvbs1PEAxCw==",
      "dev": true
    },
    "node_modules/nanoid": {
      "version": "3.3.7",
      "resolved": "https://registry.npmjs.org/nanoid/-/nanoid-3.3.7.tgz",
      "integrity": "sha512-eSRppjcPIat8EXwGeS1wcKCBEjN2oINaPip+oIZ3MHkfL/rS3s3STsvN6fP4kv6rwbYHD5fcEutdbe5aRT2Aw==",
      "dev": true,
      "bin": {
        "nanoid": "bin/nanoid.js"
      },
      "engines": {
        "node": "^10 || ^12 || ^13.7 || ^14 || >=15.0.1"
      }
    },
    "node_modules/node-releases": {
      "version": "2.0.14",
      "resolved": "https://registry.npmjs.org/node-releases/-/node-releases-2.0.14.tgz",
      "integrity": "sha512-y0JF3+1K8m1iQGk3/eG8b2cWk+dhrzG3/ga3hv0NsmPScwH7YIWw8W2+FIMfe2jMkUmsmD/0x5gmtOh91lSOag==",
      "dev": true
    },
    "node_modules/picocolors": {
      "version": "1.0.1",
      "resolved": "https://registry.npmjs.org/picocolors/-/picocolors-1.0.1.tgz",
      "integrity": "sha512-anP1Z8qwhCfnzwO83Ie4Hwf6Nd9Xq1YFf2+PQmktTf4z05o9ry354L435zNzmF2PxcM3qN/M40B2tBC2L+i65g==",
      "dev": true
    },
    "node_modules/png-js": {
      "version": "1.0.0",
      "resolved": "https://registry.npmjs.org/png-js/-/png-js-1.0.0.tgz",
      "integrity": "sha512-/A+35kLgT8/qCgKkG7B+QRvId+yUbW5yF3KkR2/YkR0jI6u6M1o5+3w3XWi1f38S8+Y7r+3oM1zZw5vKw==",
      "dependencies": {
        "pako": "^1.0.10"
      }
    },
    "node_modules/pako": {
      "version": "1.0.11",
      "resolved": "https://registry.npmjs.org/pako/-/pako-1.0.11.tgz",
      "integrity": "sha512-4hLB8Py4zZce5s4yd9XzopMltqGg6J1e9E/SQ2XPHF+5nuxp1sT/Z8DNGk9dA3ptIW3G2JkUhG3M0PnpWe9+hQ=="
    },
    "node_modules/postcss": {
      "version": "8.4.38",
      "resolved": "https://registry.npmjs.org/postcss/-/postcss-8.4.38.tgz",
      "integrity": "sha512-addJNi8MgQStZyM82d+e3vGiQp3w25w/1wP6yK4GPRf23D4sZEYJ5E3M8x+P9nO5SDjPAeec6fB35G/jP+dYew==",
      "dev": true,
      "funding": [
        {
          "type": "opencollective",
          "url": "https://opencollective.com/postcss/"
        },
        {
          "type": "tidelift",
          "url": "https://tidelift.com/funding/github/npm/postcss"
        },
        {
          "type": "github",
          "url": "https://github.com/sponsors/ai"
        }
      ],
      "dependencies": {
        "nanoid": "^3.3.7",
        "picocolors": "^1.0.0",
        "source-map-js": "^1.2.0"
      },
      "engines": {
        "node": "^10 || ^12 || >=14"
      }
    },
    "node_modules/queue": {
      "version": "6.0.2",
      "resolved": "https://registry.npmjs.org/queue/-/queue-6.0.2.tgz",
      "integrity": "sha512-1Q8PZZr2d/i8j32d3e51/l2x/8hKZ8P9TxsQ2HcdnG4NOE2p5PrG2/mZ2kUeFigkS2AVqg/8+gJg6LohPo4zCQ==",
      "dependencies": {
        "inherits": "2.0.4"
      },
      "engines": {
        "node": ">=6.0.0"
      }
    },
    "node_modules/react": {
      "version": "18.2.0",
      "resolved": "https://registry.npmjs.org/react/-/react-18.2.0.tgz",
      "integrity": "sha512-/3IjMdbBGYgysdkdSByCnR6o4avvAmpNB2UPOZTVGeEot3WyegD2i91LQDEDVz2Y5nEhILvESk7YMmswU2A7ow==",
      "dependencies": {
        "loose-envify": "^1.1.0"
      },
      "engines": {
        "node": ">=0.10.0"
      }
    },
    "node_modules/react-dom": {
      "version": "18.2.0",
      "resolved": "https://registry.npmjs.org/react-dom/-/react-dom-18.2.0.tgz",
      "integrity": "sha512-6IMTriUmvsjHUjNtEDudZfuDQUoWzZXh2onS86U4o8DcmIyM/xCk/Ymx5hV9Vb3I4pZr5x12G0s0w2TA1JAl2w==",
      "dependencies": {
        "loose-envify": "^1.1.0",
        "scheduler": "^0.23.0"
      },
      "peerDependencies": {
        "react": "^18.2.0"
      }
    },
    "node_modules/regenerator-runtime": {
      "version": "0.14.1",
      "resolved": "https://registry.npmjs.org/regenerator-runtime/-/regenerator-runtime-0.14.1.tgz",
      "integrity": "sha512-dYnhHh0nJoMfnkZs6GmmhSqDJfG50VqOFBGbdwvoBSGxtCw5s9EX+xYab+6JEoGuGIfvAE1EegL7OACl2Qkoww==",
      "dev": true
    },
    "node_modules/resolve.exports": {
      "version": "2.0.2",
      "resolved": "https://registry.npmjs.org/resolve.exports/-/resolve.exports-2.0.2.tgz",
      "integrity": "sha512-Y/69bZ3vEn82e38c+3mtRN45Yv6i1zG6Pk3FeyEhPz7T5ffaNen03/c2vaIsW23FHv+57+w4kHcsi/Wn1NqC+w==",
      "dev": true,
      "engines": {
        "node": ">=10"
      },
      "funding": {
        "url": "https://github.com/sponsors/lukeed"
      }
    },
    "node_modules/rollup": {
      "version": "4.18.0",
      "resolved": "https://registry.npmjs.org/rollup/-/rollup-4.18.0.tgz",
      "integrity": "sha512-4pP2gGqyDJ0oW2h7E1yN2b/08aQb5V5w5M3lVT7+/L9hMczN62M3G0LgT/v+6iA21v4XGqMHiHYcTfndugZ0Rw==",
      "dev": true,
      "bin": {
        "rollup": "dist/bin/rollup"
      },
      "engines": {
        "node": ">=18.0.0",
        "npm": ">=8.0.0"
      },
      "optionalDependencies": {
        "@rollup/rollup-android-arm-eabi": "4.18.0",
        "@rollup/rollup-android-arm64": "4.18.0",
        "@rollup/rollup-darwin-arm64": "4.18.0",
        "@rollup/rollup-darwin-x64": "4.18.0",
        "@rollup/rollup-linux-arm-gnueabihf": "4.18.0",
        "@rollup/rollup-linux-arm64-gnu": "4.18.0",
        "@rollup/rollup-linux-arm64-musl": "4.18.0",
        "@rollup/rollup-linux-x64-gnu": "4.18.0",
        "@rollup/rollup-linux-x64-musl": "4.18.0",
        "@rollup/rollup-win32-arm64-msvc": "4.18.0",
        "@rollup/rollup-win32-ia32-msvc": "4.18.0",
        "@rollup/rollup-win32-x64-msvc": "4.18.0",
        "fsevents": "~2.3.2"
      }
    },
    "node_modules/scheduler": {
      "version": "0.23.2",
      "resolved": "https://registry.npmjs.org/scheduler/-/scheduler-0.23.2.tgz",
      "integrity": "sha512-EnaK7tLoPlVKJKhmNdBU0ygsPQkWaAbaeSj2An83s53+jMeC/pPCH2cvj5z3hP3q632e1mL53oEC99yAWC/tLA==",
      "dependencies": {
        "loose-envify": "^1.1.0"
      }
    },
    "node_modules/semver": {
      "version": "6.3.1",
      "resolved": "https://registry.npmjs.org/semver/-/semver-6.3.1.tgz",
      "integrity": "sha512-BR7VvDCVHO+q2xBEWskxS6DJE1qRnb81kfsOfw0/quWbhvVj4Xoendz5bmyDCiYdcL87EXIO2gkfssmRkAt+GA==",
      "dev": true,
      "bin": {
        "semver": "bin/semver.js"
      }
    },
    "node_modules/shallow-clone": {
      "version": "3.0.1",
      "resolved": "https://registry.npmjs.org/shallow-clone/-/shallow-clone-3.0.1.tgz",
      "integrity": "sha512-Y2WBcED3m4YheoY1hG2y7T1E+f6V3wT+05fSVHUjce/aI1xYET8/482KY1vld1Aneo5MyFX5VL2vTh6kQcRoGA==",
      "dependencies": {
        "kind-of": "^6.0.2"
      },
      "engines": {
        "node": ">=6"
      }
    },
    "node_modules/source-map": {
      "version": "0.5.7",
      "resolved": "https://registry.npmjs.org/source-map/-/source-map-0.5.7.tgz",
      "integrity": "sha512-M6e82p82x32YIK327GzT/6+KfsZtA388D2c9SjI2V+4dlh1rD2pifU6LUm6b5MA8w2nFzP2Uf6V2bBAbBf8Q==",
      "dev": true,
      "engines": {
        "node": ">=0.10.0"
      }
    },
    "node_modules/source-map-js": {
      "version": "1.2.0",
      "resolved": "https://registry.npmjs.org/source-map-js/-/source-map-js-1.2.0.tgz",
      "integrity": "sha512-itJW8lvSA0imC/35mf94hXwcBIF21p3d/33utMRbFl4cMg+eR6jpGN7V9wKNaie8S8e2WYnB4eCjF2mdMPm/rg==",
      "dev": true,
      "engines": {
        "node": ">=0.10.0"
      }
    },
    "node_modules/to-fast-properties": {
      "version": "2.0.0",
      "resolved": "https://registry.npmjs.org/to-fast-properties/-/to-fast-properties-2.0.0.tgz",
      "integrity": "sha512-/OaKK0xYrs3DcUdTUuInEOr5KPSJNJO2ssrnxRB8f+L2wvyJTWme12KLIQS0gPLzaH4qI+LiHVPVclun40NoYA==",
      "dev": true,
      "engines": {
        "node": ">=4"
      }
    },
    "node_modules/typescript": {
      "version": "5.2.2",
      "resolved": "https://registry.npmjs.org/typescript/-/typescript-5.2.2.tgz",
      "integrity": "sha512-mI4WrpHsbCIcwT9cF4FvrqfS9o3GE3GlzAVjNAQ6lXr9WFrLTYgpQpLevcax7VNFBCiA5Gy5YTZjpdpH2ecCIQ==",
      "dev": true,
      "bin": {
        "tsc": "bin/tsc",
        "tsserver": "bin/tsserver"
      },
      "engines": {
        "node": ">=14.17"
      }
    },
    "node_modules/update-browserslist-db": {
      "version": "1.0.13",
      "resolved": "https://registry.npmjs.org/update-browserslist-db/-/update-browserslist-db-1.0.13.tgz",
      "integrity": "sha512-xebP8S9f2o1Sg/1G+kLF/+LmCgoP18eB1oWkP6m11GStKxYUDLnXKY9o/G4Y2E9OKeFAHAF+vAgfN2zdoUP2+w==",
      "dev": true,
      "funding": [
        {
          "type": "opencollective",
          "url": "https://opencollective.com/browserslist"
        },
        {
          "type": "tidelift",
          "url": "https://tidelift.com/funding/github/npm/browserslist"
        }
      ],
      "dependencies": {
        "escalade": "^3.1.2",
        "picocolors": "^1.0.0"
      },
      "bin": {
        "update-browserslist-db": "cli.js"
      },
      "peerDependencies": {
        "browserslist": ">= 4.21.0"
      }
    },
    "node_modules/vite": {
      "version": "5.2.0",
      "resolved": "https://registry.npmjs.org/vite/-/vite-5.2.0.tgz",
      "integrity": "sha512-aLaP6NSD1pM06g+B0gLgA8iRtp/MChdnq9HSDaP96VnKK1/vj1xGGSK5AyDxQoPSV+JaVbchp8b8gWsh1xHYw==",
      "dev": true,
      "dependencies": {
        "esbuild": "^0.20.0",
        "postcss": "^8.4.31",
        "resolve.exports": "^2.0.2",
        "rollup": "^4.9.0"
      },
      "bin": {
        "vite": "bin/vite.js"
      },
      "engines": {
        "node": ">=18.0.0"
      },
      "funding": {
        "url": "https://github.com/sponsors/yyx990803"
      },
      "optionalDependencies": {
        "fsevents": "~2.3.3"
      },
      "peerDependencies": {
        "@types/node": ">=18.0.0",
        "less": "*",
        "lightningcss": ">=1.21.0",
        "sass": "*",
        "stylus": "*",
        "sugarss": "*",
        "terser": ">=5.4.0"
      },
      "peerDependenciesMeta": {
        "@types/node": {
          "optional": true
        },
        "less": {
          "optional": true
        },
        "lightningcss": {
          "optional": true
        },
        "sass": {
          "optional": true
        },
        "stylus": {
          "optional": true
        },
        "sugarss": {
          "optional": true
        },
        "terser": {
          "optional": true
        }
      }
    }
  }
}
